
Microsoft Visual Studio Solution File, Format Version 12.00
# Visual Studio Version 16
VisualStudioVersion = 16.0.31702.278
MinimumVisualStudioVersion = 10.0.40219.1
Project("{FAE04EC0-301F-11D3-BF4B-00C04F79EFBC}") = "JokeAppYT", "JokeAppYT\JokeAppYT.csproj", "{066E9D28-3D69-4651-B5C3-BB2DA1957D33}"
EndProject
Global
	GlobalSection(SolutionConfigurationPlatforms) = preSolution
		Debug|Any CPU = Debug|Any CPU
		Release|Any CPU = Release|Any CPU
	EndGlobalSection
	GlobalSection(ProjectConfigurationPlatforms) = postSolution
		{066E9D28-3D69-4651-B5C3-BB2DA1957D33}.Debug|Any CPU.ActiveCfg = Debug|Any CPU
		{066E9D28-3D69-4651-B5C3-BB2DA1957D33}.Debug|Any CPU.Build.0 = Debug|Any CPU
		{066E9D28-3D69-4651-B5C3-BB2DA1957D33}.Release|Any CPU.ActiveCfg = Release|Any CPU
		{066E9D28-3D69-4651-B5C3-BB2DA1957D33}.Release|Any CPU.Build.0 = Release|Any CPU
	EndGlobalSection
	GlobalSection(SolutionProperties) = preSolution
		HideSolutionNode = FALSE
	EndGlobalSection
	GlobalSection(ExtensibilityGlobals) = postSolution
		SolutionGuid = {B2403C24-C3F3-48C8-AB64-F9ABAF73FE1C}
	EndGlobalSection
EndGlobal
